// !$*UTF8*$!
{
	archiveVersion = 1;
	classes = {
	};
	objectVersion = 56;
	objects = {

/* Begin PBXBuildFile section */
		87125C682BC16FD5008A9065 /* AppDelegate.swift in Sources */ = {isa = PBXBuildFile; fileRef = 87125C672BC16FD5008A9065 /* AppDelegate.swift */; };
		87125C6A2BC16FD5008A9065 /* SceneDelegate.swift in Sources */ = {isa = PBXBuildFile; fileRef = 87125C692BC16FD5008A9065 /* SceneDelegate.swift */; };
		87125C6C2BC16FD5008A9065 /* ViewController.swift in Sources */ = {isa = PBXBuildFile; fileRef = 87125C6B2BC16FD5008A9065 /* ViewController.swift */; };
		87125C712BC16FD6008A9065 /* Assets.xcassets in Resources */ = {isa = PBXBuildFile; fileRef = 87125C702BC16FD6008A9065 /* Assets.xcassets */; };
		87125C742BC16FD6008A9065 /* Base in Resources */ = {isa = PBXBuildFile; fileRef = 87125C732BC16FD6008A9065 /* Base */; };
		87125C7F2BC1C574008A9065 /* bpg_glaho_sylfaen.ttf in Resources */ = {isa = PBXBuildFile; fileRef = 87125C7E2BC1C574008A9065 /* bpg_glaho_sylfaen.ttf */; };
		87C837C62BC2C9A0007D1703 /* UILabelExtention.swift in Sources */ = {isa = PBXBuildFile; fileRef = 87C837C52BC2C9A0007D1703 /* UILabelExtention.swift */; };
		87C837C82BC2C9F8007D1703 /* UIFontExtention.swift in Sources */ = {isa = PBXBuildFile; fileRef = 87C837C72BC2C9F8007D1703 /* UIFontExtention.swift */; };
		87C837CC2BC33E4B007D1703 /* StringExtention.swift in Sources */ = {isa = PBXBuildFile; fileRef = 87C837CB2BC33E4B007D1703 /* StringExtention.swift */; };
		87C837CE2BC33E76007D1703 /* UITextFieldExtention.swift in Sources */ = {isa = PBXBuildFile; fileRef = 87C837CD2BC33E76007D1703 /* UITextFieldExtention.swift */; };
/* End PBXBuildFile section */

/* Begin PBXFileReference section */
		87125C642BC16FD5008A9065 /* assignment14.app */ = {isa = PBXFileReference; explicitFileType = wrapper.application; includeInIndex = 0; path = assignment14.app; sourceTree = BUILT_PRODUCTS_DIR; };
		87125C672BC16FD5008A9065 /* AppDelegate.swift */ = {isa = PBXFileReference; lastKnownFileType = sourcecode.swift; path = AppDelegate.swift; sourceTree = "<group>"; };
		87125C692BC16FD5008A9065 /* SceneDelegate.swift */ = {isa = PBXFileReference; lastKnownFileType = sourcecode.swift; path = SceneDelegate.swift; sourceTree = "<group>"; };
		87125C6B2BC16FD5008A9065 /* ViewController.swift */ = {isa = PBXFileReference; lastKnownFileType = sourcecode.swift; path = ViewController.swift; sourceTree = "<group>"; };
		87125C702BC16FD6008A9065 /* Assets.xcassets */ = {isa = PBXFileReference; lastKnownFileType = folder.assetcatalog; path = Assets.xcassets; sourceTree = "<group>"; };
		87125C732BC16FD6008A9065 /* Base */ = {isa = PBXFileReference; lastKnownFileType = file.storyboard; name = Base; path = Base.lproj/LaunchScreen.storyboard; sourceTree = "<group>"; };
		87125C752BC16FD6008A9065 /* Info.plist */ = {isa = PBXFileReference; lastKnownFileType = text.plist.xml; path = Info.plist; sourceTree = "<group>"; };
		87125C7E2BC1C574008A9065 /* bpg_glaho_sylfaen.ttf */ = {isa = PBXFileReference; lastKnownFileType = file; name = bpg_glaho_sylfaen.ttf; path = ../../../../Downloads/bpg_glaho_sylfaen.ttf; sourceTree = "<group>"; };
		87C837C52BC2C9A0007D1703 /* UILabelExtention.swift */ = {isa = PBXFileReference; lastKnownFileType = sourcecode.swift; path = UILabelExtention.swift; sourceTree = "<group>"; };
		87C837C72BC2C9F8007D1703 /* UIFontExtention.swift */ = {isa = PBXFileReference; lastKnownFileType = sourcecode.swift; path = UIFontExtention.swift; sourceTree = "<group>"; };
		87C837CB2BC33E4B007D1703 /* StringExtention.swift */ = {isa = PBXFileReference; lastKnownFileType = sourcecode.swift; name = StringExtention.swift; path = ../../../../../Applications/StringExtention.swift; sourceTree = "<group>"; };
		87C837CD2BC33E76007D1703 /* UITextFieldExtention.swift */ = {isa = PBXFileReference; lastKnownFileType = sourcecode.swift; path = UITextFieldExtention.swift; sourceTree = "<group>"; };
/* End PBXFileReference section */

/* Begin PBXFrameworksBuildPhase section */
		87125C612BC16FD5008A9065 /* Frameworks */ = {
			isa = PBXFrameworksBuildPhase;
			buildActionMask = 2147483647;
			files = (
			);
			runOnlyForDeploymentPostprocessing = 0;
		};
/* End PBXFrameworksBuildPhase section */

/* Begin PBXGroup section */
		87125C5B2BC16FD5008A9065 = {
			isa = PBXGroup;
			children = (
				87C837CD2BC33E76007D1703 /* UITextFieldExtention.swift */,
				87C837CB2BC33E4B007D1703 /* StringExtention.swift */,
				87125C662BC16FD5008A9065 /* assignment14 */,
				87125C652BC16FD5008A9065 /* Products */,
			);
			sourceTree = "<group>";
		};
		87125C652BC16FD5008A9065 /* Products */ = {
			isa = PBXGroup;
			children = (
				87125C642BC16FD5008A9065 /* assignment14.app */,
			);
			name = Products;
			sourceTree = "<group>";
		};
		87125C662BC16FD5008A9065 /* assignment14 */ = {
			isa = PBXGroup;
			children = (
				87125C672BC16FD5008A9065 /* AppDelegate.swift */,
				87125C692BC16FD5008A9065 /* SceneDelegate.swift */,
				87C837C52BC2C9A0007D1703 /* UILabelExtention.swift */,
				87C837C72BC2C9F8007D1703 /* UIFontExtention.swift */,
				87125C6B2BC16FD5008A9065 /* ViewController.swift */,
				87125C702BC16FD6008A9065 /* Assets.xcassets */,
				87125C722BC16FD6008A9065 /* LaunchScreen.storyboard */,
				87125C752BC16FD6008A9065 /* Info.plist */,
				87125C7E2BC1C574008A9065 /* bpg_glaho_sylfaen.ttf */,
			);
			path = assignment14;
			sourceTree = "<group>";
		};
/* End PBXGroup section */

/* Begin PBXNativeTarget section */
		87125C632BC16FD5008A9065 /* assignment14 */ = {
			isa = PBXNativeTarget;
			buildConfigurationList = 87125C782BC16FD6008A9065 /* Build configuration list for PBXNativeTarget "assignment14" */;
			buildPhases = (
				87125C602BC16FD5008A9065 /* Sources */,
				87125C612BC16FD5008A9065 /* Frameworks */,
				87125C622BC16FD5008A9065 /* Resources */,
			);
			buildRules = (
			);
			dependencies = (
			);
			name = assignment14;
			productName = assignment14;
			productReference = 87125C642BC16FD5008A9065 /* assignment14.app */;
			productType = "com.apple.product-type.application";
		};
/* End PBXNativeTarget section */

/* Begin PBXProject section */
		87125C5C2BC16FD5008A9065 /* Project object */ = {
			isa = PBXProject;
			attributes = {
				BuildIndependentTargetsInParallel = 1;
				LastSwiftUpdateCheck = 1530;
				LastUpgradeCheck = 1530;
				TargetAttributes = {
					87125C632BC16FD5008A9065 = {
						CreatedOnToolsVersion = 15.3;
					};
				};
			};
			buildConfigurationList = 87125C5F2BC16FD5008A9065 /* Build configuration list for PBXProject "assignment14" */;
			compatibilityVersion = "Xcode 14.0";
			developmentRegion = en;
			hasScannedForEncodings = 0;
			knownRegions = (
				en,
				Base,
			);
			mainGroup = 87125C5B2BC16FD5008A9065;
			productRefGroup = 87125C652BC16FD5008A9065 /* Products */;
			projectDirPath = "";
			projectRoot = "";
			targets = (
				87125C632BC16FD5008A9065 /* assignment14 */,
			);
		};
/* End PBXProject section */

/* Begin PBXResourcesBuildPhase section */
		87125C622BC16FD5008A9065 /* Resources */ = {
			isa = PBXResourcesBuildPhase;
			buildActionMask = 2147483647;
			files = (
				87125C712BC16FD6008A9065 /* Assets.xcassets in Resources */,
				87125C7F2BC1C574008A9065 /* bpg_glaho_sylfaen.ttf in Resources */,
				87125C742BC16FD6008A9065 /* Base in Resources */,
			);
			runOnlyForDeploymentPostprocessing = 0;
		};
/* End PBXResourcesBuildPhase section */

/* Begin PBXSourcesBuildPhase section */
		87125C602BC16FD5008A9065 /* Sources */ = {
			isa = PBXSourcesBuildPhase;
			buildActionMask = 2147483647;
			files = (
				87125C6C2BC16FD5008A9065 /* ViewController.swift in Sources */,
				87C837CC2BC33E4B007D1703 /* StringExtention.swift in Sources */,
				87C837C82BC2C9F8007D1703 /* UIFontExtention.swift in Sources */,
				87C837C62BC2C9A0007D1703 /* UILabelExtention.swift in Sources */,
				87125C682BC16FD5008A9065 /* AppDelegate.swift in Sources */,
				87C837CE2BC33E76007D1703 /* UITextFieldExtention.swift in Sources */,
				87125C6A2BC16FD5008A9065 /* SceneDelegate.swift in Sources */,
			);
			runOnlyForDeploymentPostprocessing = 0;
		};
/* End PBXSourcesBuildPhase section */

/* Begin PBXVariantGroup section */
		87125C722BC16FD6008A9065 /* LaunchScreen.storyboard */ = {
			isa = PBXVariantGroup;
			children = (
				87125C732BC16FD6008A9065 /* Base */,
			);
			name = LaunchScreen.storyboard;
			sourceTree = "<group>";
		};
/* End PBXVariantGroup section */

/* Begin XCBuildConfiguration section */
		87125C762BC16FD6008A9065 /* Debug */ = {
			isa = XCBuildConfiguration;
			buildSettings = {
				ALWAYS_SEARCH_USER_PATHS = NO;
				ASSETCATALOG_COMPILER_GENERATE_SWIFT_ASSET_SYMBOL_EXTENSIONS = YES;
				CLANG_ANALYZER_NONNULL = YES;
				CLANG_ANALYZER_NUMBER_OBJECT_CONVERSION = YES_AGGRESSIVE;
				CLANG_CXX_LANGUAGE_STANDARD = "gnu++20";
				CLANG_ENABLE_MODULES = YES;
				CLANG_ENABLE_OBJC_ARC = YES;
				CLANG_ENABLE_OBJC_WEAK = YES;
				CLANG_WARN_BLOCK_CAPTURE_AUTORELEASING = YES;
				CLANG_WARN_BOOL_CONVERSION = YES;
				CLANG_WARN_COMMA = YES;
				CLANG_WARN_CONSTANT_CONVERSION = YES;
				CLANG_WARN_DEPRECATED_OBJC_IMPLEMENTATIONS = YES;
				CLANG_WARN_DIRECT_OBJC_ISA_USAGE = YES_ERROR;
				CLANG_WARN_DOCUMENTATION_COMMENTS = YES;
				CLANG_WARN_EMPTY_BODY = YES;
				CLANG_WARN_ENUM_CONVERSION = YES;
				CLANG_WARN_INFINITE_RECURSION = YES;
				CLANG_WARN_INT_CONVERSION = YES;
				CLANG_WARN_NON_LITERAL_NULL_CONVERSION = YES;
				CLANG_WARN_OBJC_IMPLICIT_RETAIN_SELF = YES;
				CLANG_WARN_OBJC_LITERAL_CONVERSION = YES;
				CLANG_WARN_OBJC_ROOT_CLASS = YES_ERROR;
				CLANG_WARN_QUOTED_INCLUDE_IN_FRAMEWORK_HEADER = YES;
				CLANG_WARN_RANGE_LOOP_ANALYSIS = YES;
				CLANG_WARN_STRICT_PROTOTYPES = YES;
				CLANG_WARN_SUSPICIOUS_MOVE = YES;
				CLANG_WARN_UNGUARDED_AVAILABILITY = YES_AGGRESSIVE;
				CLANG_WARN_UNREACHABLE_CODE = YES;
				CLANG_WARN__DUPLICATE_METHOD_MATCH = YES;
				COPY_PHASE_STRIP = NO;
				DEBUG_INFORMATION_FORMAT = dwarf;
				ENABLE_STRICT_OBJC_MSGSEND = YES;
				ENABLE_TESTABILITY = YES;
				ENABLE_USER_SCRIPT_SANDBOXING = YES;
				GCC_C_LANGUAGE_STANDARD = gnu17;
				GCC_DYNAMIC_NO_PIC = NO;
				GCC_NO_COMMON_BLOCKS = YES;
				GCC_OPTIMIZATION_LEVEL = 0;
				GCC_PREPROCESSOR_DEFINITIONS = (
					"DEBUG=1",
					"$(inherited)",
				);
				GCC_WARN_64_TO_32_BIT_CONVERSION = YES;
				GCC_WARN_ABOUT_RETURN_TYPE = YES_ERROR;
				GCC_WARN_UNDECLARED_SELECTOR = YES;
				GCC_WARN_UNINITIALIZED_AUTOS = YES_AGGRESSIVE;
				GCC_WARN_UNUSED_FUNCTION = YES;
				GCC_WARN_UNUSED_VARIABLE = YES;
				IPHONEOS_DEPLOYMENT_TARGET = 17.4;
				LOCALIZATION_PREFERS_STRING_CATALOGS = YES;
				MTL_ENABLE_DEBUG_INFO = INCLUDE_SOURCE;
				MTL_FAST_MATH = YES;
				ONLY_ACTIVE_ARCH = YES;
				SDKROOT = iphoneos;
				SWIFT_ACTIVE_COMPILATION_CONDITIONS = "DEBUG $(inherited)";
				SWIFT_OPTIMIZATION_LEVEL = "-Onone";
			};
			name = Debug;
		};
		87125C772BC16FD6008A9065 /* Release */ = {
			isa = XCBuildConfiguration;
			buildSettings = {
				ALWAYS_SEARCH_USER_PATHS = NO;
				ASSETCATALOG_COMPILER_GENERATE_SWIFT_ASSET_SYMBOL_EXTENSIONS = YES;
				CLANG_ANALYZER_NONNULL = YES;
				CLANG_ANALYZER_NUMBER_OBJECT_CONVERSION = YES_AGGRESSIVE;
				CLANG_CXX_LANGUAGE_STANDARD = "gnu++20";
				CLANG_ENABLE_MODULES = YES;
				CLANG_ENABLE_OBJC_ARC = YES;
				CLANG_ENABLE_OBJC_WEAK = YES;
				CLANG_WARN_BLOCK_CAPTURE_AUTORELEASING = YES;
				CLANG_WARN_BOOL_CONVERSION = YES;
				CLANG_WARN_COMMA = YES;
				CLANG_WARN_CONSTANT_CONVERSION = YES;
				CLANG_WARN_DEPRECATED_OBJC_IMPLEMENTATIONS = YES;
				CLANG_WARN_DIRECT_OBJC_ISA_USAGE = YES_ERROR;
				CLANG_WARN_DOCUMENTATION_COMMENTS = YES;
				CLANG_WARN_EMPTY_BODY = YES;
				CLANG_WARN_ENUM_CONVERSION = YES;
				CLANG_WARN_INFINITE_RECURSION = YES;
				CLANG_WARN_INT_CONVERSION = YES;
				CLANG_WARN_NON_LITERAL_NULL_CONVERSION = YES;
				CLANG_WARN_OBJC_IMPLICIT_RETAIN_SELF = YES;
				CLANG_WARN_OBJC_LITERAL_CONVERSION = YES;
				CLANG_WARN_OBJC_ROOT_CLASS = YES_ERROR;
				CLANG_WARN_QUOTED_INCLUDE_IN_FRAMEWORK_HEADER = YES;
				CLANG_WARN_RANGE_LOOP_ANALYSIS = YES;
				CLANG_WARN_STRICT_PROTOTYPES = YES;
				CLANG_WARN_SUSPICIOUS_MOVE = YES;
				CLANG_WARN_UNGUARDED_AVAILABILITY = YES_AGGRESSIVE;
				CLANG_WARN_UNREACHABLE_CODE = YES;
				CLANG_WARN__DUPLICATE_METHOD_MATCH = YES;
				COPY_PHASE_STRIP = NO;
				DEBUG_INFORMATION_FORMAT = "dwarf-with-dsym";
				ENABLE_NS_ASSERTIONS = NO;
				ENABLE_STRICT_OBJC_MSGSEND = YES;
				ENABLE_USER_SCRIPT_SANDBOXING = YES;
				GCC_C_LANGUAGE_STANDARD = gnu17;
				GCC_NO_COMMON_BLOCKS = YES;
				GCC_WARN_64_TO_32_BIT_CONVERSION = YES;
				GCC_WARN_ABOUT_RETURN_TYPE = YES_ERROR;
				GCC_WARN_UNDECLARED_SELECTOR = YES;
				GCC_WARN_UNINITIALIZED_AUTOS = YES_AGGRESSIVE;
				GCC_WARN_UNUSED_FUNCTION = YES;
				GCC_WARN_UNUSED_VARIABLE = YES;
				IPHONEOS_DEPLOYMENT_TARGET = 17.4;
				LOCALIZATION_PREFERS_STRING_CATALOGS = YES;
				MTL_ENABLE_DEBUG_INFO = NO;
				MTL_FAST_MATH = YES;
				SDKROOT = iphoneos;
				SWIFT_COMPILATION_MODE = wholemodule;
				VALIDATE_PRODUCT = YES;
			};
			name = Release;
		};
		87125C792BC16FD6008A9065 /* Debug */ = {
			isa = XCBuildConfiguration;
			buildSettings = {
				ASSETCATALOG_COMPILER_APPICON_NAME = AppIcon;
				ASSETCATALOG_COMPILER_GLOBAL_ACCENT_COLOR_NAME = AccentColor;
				CODE_SIGN_STYLE = Automatic;
				CURRENT_PROJECT_VERSION = 1;
				DEVELOPMENT_TEAM = 3AD552Z95A;
				GENERATE_INFOPLIST_FILE = YES;
				INFOPLIST_FILE = assignment14/Info.plist;
				INFOPLIST_KEY_UIApplicationSupportsIndirectInputEvents = YES;
				INFOPLIST_KEY_UILaunchStoryboardName = LaunchScreen;
				INFOPLIST_KEY_UISupportedInterfaceOrientations_iPad = "UIInterfaceOrientationPortrait UIInterfaceOrientationPortraitUpsideDown UIInterfaceOrientationLandscapeLeft UIInterfaceOrientationLandscapeRight";
				LD_RUNPATH_SEARCH_PATHS = (
					"$(inherited)",
					"@executable_path/Frameworks",
				);
				MARKETING_VERSION = 1.0;
				PRODUCT_BUNDLE_IDENTIFIER = ge.academy.assignment14;
				PRODUCT_NAME = "$(TARGET_NAME)";
				SWIFT_EMIT_LOC_STRINGS = YES;
				SWIFT_VERSION = 5.0;
				TARGETED_DEVICE_FAMILY = "1,2";
			};
			name = Debug;
		};
		87125C7A2BC16FD6008A9065 /* Release */ = {
			isa = XCBuildConfiguration;
			buildSettings = {
				ASSETCATALOG_COMPILER_APPICON_NAME = AppIcon;
				ASSETCATALOG_COMPILER_GLOBAL_ACCENT_COLOR_NAME = AccentColor;
				CODE_SIGN_STYLE = Automatic;
				CURRENT_PROJECT_VERSION = 1;
				DEVELOPMENT_TEAM = 3AD552Z95A;
				GENERATE_INFOPLIST_FILE = YES;
				INFOPLIST_FILE = assignment14/Info.plist;
				INFOPLIST_KEY_UIApplicationSupportsIndirectInputEvents = YES;
				INFOPLIST_KEY_UILaunchStoryboardName = LaunchScreen;
				INFOPLIST_KEY_UISupportedInterfaceOrientations_iPad = "UIInterfaceOrientationPortrait UIInterfaceOrientationPortraitUpsideDown UIInterfaceOrientationLandscapeLeft UIInterfaceOrientationLandscapeRight";
				LD_RUNPATH_SEARCH_PATHS = (
					"$(inherited)",
					"@executable_path/Frameworks",
				);
				MARKETING_VERSION = 1.0;
				PRODUCT_BUNDLE_IDENTIFIER = ge.academy.assignment14;
				PRODUCT_NAME = "$(TARGET_NAME)";
				SWIFT_EMIT_LOC_STRINGS = YES;
				SWIFT_VERSION = 5.0;
				TARGETED_DEVICE_FAMILY = "1,2";
			};
			name = Release;
		};
/* End XCBuildConfiguration section */

/* Begin XCConfigurationList section */
		87125C5F2BC16FD5008A9065 /* Build configuration list for PBXProject "assignment14" */ = {
			isa = XCConfigurationList;
			buildConfigurations = (
				87125C762BC16FD6008A9065 /* Debug */,
				87125C772BC16FD6008A9065 /* Release */,
			);
			defaultConfigurationIsVisible = 0;
			defaultConfigurationName = Release;
		};
		87125C782BC16FD6008A9065 /* Build configuration list for PBXNativeTarget "assignment14" */ = {
			isa = XCConfigurationList;
			buildConfigurations = (
				87125C792BC16FD6008A9065 /* Debug */,
				87125C7A2BC16FD6008A9065 /* Release */,
			);
			defaultConfigurationIsVisible = 0;
			defaultConfigurationName = Release;
		};
/* End XCConfigurationList section */
	};
	rootObject = 87125C5C2BC16FD5008A9065 /* Project object */;
}
