// !$*UTF8*$!
{
	archiveVersion = 1;
	classes = {
	};
	objectVersion = 56;
	objects = {

/* Begin PBXBuildFile section */
		8783AC642BD2A6A800AB5F2E /* AppDelegate.swift in Sources */ = {isa = PBXBuildFile; fileRef = 8783AC632BD2A6A800AB5F2E /* AppDelegate.swift */; };
		8783AC662BD2A6A800AB5F2E /* SceneDelegate.swift in Sources */ = {isa = PBXBuildFile; fileRef = 8783AC652BD2A6A800AB5F2E /* SceneDelegate.swift */; };
		8783AC682BD2A6A800AB5F2E /* NewsPageViewController.swift in Sources */ = {isa = PBXBuildFile; fileRef = 8783AC672BD2A6A800AB5F2E /* NewsPageViewController.swift */; };
		8783AC6D2BD2A6A900AB5F2E /* Assets.xcassets in Resources */ = {isa = PBXBuildFile; fileRef = 8783AC6C2BD2A6A900AB5F2E /* Assets.xcassets */; };
		8783AC702BD2A6A900AB5F2E /* Base in Resources */ = {isa = PBXBuildFile; fileRef = 8783AC6F2BD2A6A900AB5F2E /* Base */; };
		8783AC812BD2ABFC00AB5F2E /* NewsPageViewController+TableView.swift in Sources */ = {isa = PBXBuildFile; fileRef = 8783AC802BD2ABFC00AB5F2E /* NewsPageViewController+TableView.swift */; };
		8783AC852BD2C45700AB5F2E /* NewsData.swift in Sources */ = {isa = PBXBuildFile; fileRef = 8783AC842BD2C45700AB5F2E /* NewsData.swift */; };
		8783AC872BD2CED400AB5F2E /* NewsCell.swift in Sources */ = {isa = PBXBuildFile; fileRef = 8783AC862BD2CED400AB5F2E /* NewsCell.swift */; };
		8783AC8A2BD2D3C700AB5F2E /* GetObjects.swift in Sources */ = {isa = PBXBuildFile; fileRef = 8783AC892BD2D3C700AB5F2E /* GetObjects.swift */; };
		8783AC8C2BD2F60900AB5F2E /* DetailsPageViewController.swift in Sources */ = {isa = PBXBuildFile; fileRef = 8783AC8B2BD2F60900AB5F2E /* DetailsPageViewController.swift */; };
		8783AC8E2BD32F4900AB5F2E /* GetImages.swift in Sources */ = {isa = PBXBuildFile; fileRef = 8783AC8D2BD32F4900AB5F2E /* GetImages.swift */; };
/* End PBXBuildFile section */

/* Begin PBXFileReference section */
		8783AC602BD2A6A700AB5F2E /* assignment19.app */ = {isa = PBXFileReference; explicitFileType = wrapper.application; includeInIndex = 0; path = assignment19.app; sourceTree = BUILT_PRODUCTS_DIR; };
		8783AC632BD2A6A800AB5F2E /* AppDelegate.swift */ = {isa = PBXFileReference; lastKnownFileType = sourcecode.swift; path = AppDelegate.swift; sourceTree = "<group>"; };
		8783AC652BD2A6A800AB5F2E /* SceneDelegate.swift */ = {isa = PBXFileReference; lastKnownFileType = sourcecode.swift; path = SceneDelegate.swift; sourceTree = "<group>"; };
		8783AC672BD2A6A800AB5F2E /* NewsPageViewController.swift */ = {isa = PBXFileReference; lastKnownFileType = sourcecode.swift; path = NewsPageViewController.swift; sourceTree = "<group>"; };
		8783AC6C2BD2A6A900AB5F2E /* Assets.xcassets */ = {isa = PBXFileReference; lastKnownFileType = folder.assetcatalog; path = Assets.xcassets; sourceTree = "<group>"; };
		8783AC6F2BD2A6A900AB5F2E /* Base */ = {isa = PBXFileReference; lastKnownFileType = file.storyboard; name = Base; path = Base.lproj/LaunchScreen.storyboard; sourceTree = "<group>"; };
		8783AC712BD2A6A900AB5F2E /* Info.plist */ = {isa = PBXFileReference; lastKnownFileType = text.plist.xml; path = Info.plist; sourceTree = "<group>"; };
		8783AC802BD2ABFC00AB5F2E /* NewsPageViewController+TableView.swift */ = {isa = PBXFileReference; lastKnownFileType = sourcecode.swift; path = "NewsPageViewController+TableView.swift"; sourceTree = "<group>"; };
		8783AC842BD2C45700AB5F2E /* NewsData.swift */ = {isa = PBXFileReference; lastKnownFileType = sourcecode.swift; path = NewsData.swift; sourceTree = "<group>"; };
		8783AC862BD2CED400AB5F2E /* NewsCell.swift */ = {isa = PBXFileReference; lastKnownFileType = sourcecode.swift; path = NewsCell.swift; sourceTree = "<group>"; };
		8783AC892BD2D3C700AB5F2E /* GetObjects.swift */ = {isa = PBXFileReference; lastKnownFileType = sourcecode.swift; path = GetObjects.swift; sourceTree = "<group>"; };
		8783AC8B2BD2F60900AB5F2E /* DetailsPageViewController.swift */ = {isa = PBXFileReference; lastKnownFileType = sourcecode.swift; path = DetailsPageViewController.swift; sourceTree = "<group>"; };
		8783AC8D2BD32F4900AB5F2E /* GetImages.swift */ = {isa = PBXFileReference; lastKnownFileType = sourcecode.swift; path = GetImages.swift; sourceTree = "<group>"; };
/* End PBXFileReference section */

/* Begin PBXFrameworksBuildPhase section */
		8783AC5D2BD2A6A700AB5F2E /* Frameworks */ = {
			isa = PBXFrameworksBuildPhase;
			buildActionMask = 2147483647;
			files = (
			);
			runOnlyForDeploymentPostprocessing = 0;
		};
/* End PBXFrameworksBuildPhase section */

/* Begin PBXGroup section */
		8783AC572BD2A6A700AB5F2E = {
			isa = PBXGroup;
			children = (
				8783AC622BD2A6A700AB5F2E /* assignment19 */,
				8783AC612BD2A6A700AB5F2E /* Products */,
			);
			sourceTree = "<group>";
		};
		8783AC612BD2A6A700AB5F2E /* Products */ = {
			isa = PBXGroup;
			children = (
				8783AC602BD2A6A700AB5F2E /* assignment19.app */,
			);
			name = Products;
			sourceTree = "<group>";
		};
		8783AC622BD2A6A700AB5F2E /* assignment19 */ = {
			isa = PBXGroup;
			children = (
				8783AC882BD2D38A00AB5F2E /* Networking */,
				8783AC772BD2A7BB00AB5F2E /* App */,
				8783AC782BD2A83B00AB5F2E /* Scenes */,
				8783AC7B2BD2A86B00AB5F2E /* Resources */,
				8783AC7C2BD2A89800AB5F2E /* Cells */,
				8783AC7E2BD2A8E300AB5F2E /* Models */,
				8783AC7F2BD2ABC500AB5F2E /* Extentions */,
			);
			path = assignment19;
			sourceTree = "<group>";
		};
		8783AC772BD2A7BB00AB5F2E /* App */ = {
			isa = PBXGroup;
			children = (
				8783AC632BD2A6A800AB5F2E /* AppDelegate.swift */,
				8783AC652BD2A6A800AB5F2E /* SceneDelegate.swift */,
			);
			path = App;
			sourceTree = "<group>";
		};
		8783AC782BD2A83B00AB5F2E /* Scenes */ = {
			isa = PBXGroup;
			children = (
				8783AC792BD2A84500AB5F2E /* VC */,
				8783AC7A2BD2A85F00AB5F2E /* Launch */,
			);
			path = Scenes;
			sourceTree = "<group>";
		};
		8783AC792BD2A84500AB5F2E /* VC */ = {
			isa = PBXGroup;
			children = (
				8783AC672BD2A6A800AB5F2E /* NewsPageViewController.swift */,
				8783AC8B2BD2F60900AB5F2E /* DetailsPageViewController.swift */,
			);
			path = VC;
			sourceTree = "<group>";
		};
		8783AC7A2BD2A85F00AB5F2E /* Launch */ = {
			isa = PBXGroup;
			children = (
				8783AC6E2BD2A6A900AB5F2E /* LaunchScreen.storyboard */,
			);
			path = Launch;
			sourceTree = "<group>";
		};
		8783AC7B2BD2A86B00AB5F2E /* Resources */ = {
			isa = PBXGroup;
			children = (
				8783AC6C2BD2A6A900AB5F2E /* Assets.xcassets */,
				8783AC712BD2A6A900AB5F2E /* Info.plist */,
			);
			path = Resources;
			sourceTree = "<group>";
		};
		8783AC7C2BD2A89800AB5F2E /* Cells */ = {
			isa = PBXGroup;
			children = (
				8783AC862BD2CED400AB5F2E /* NewsCell.swift */,
			);
			path = Cells;
			sourceTree = "<group>";
		};
		8783AC7E2BD2A8E300AB5F2E /* Models */ = {
			isa = PBXGroup;
			children = (
				8783AC842BD2C45700AB5F2E /* NewsData.swift */,
			);
			path = Models;
			sourceTree = "<group>";
		};
		8783AC7F2BD2ABC500AB5F2E /* Extentions */ = {
			isa = PBXGroup;
			children = (
				8783AC802BD2ABFC00AB5F2E /* NewsPageViewController+TableView.swift */,
			);
			path = Extentions;
			sourceTree = "<group>";
		};
		8783AC882BD2D38A00AB5F2E /* Networking */ = {
			isa = PBXGroup;
			children = (
				8783AC892BD2D3C700AB5F2E /* GetObjects.swift */,
				8783AC8D2BD32F4900AB5F2E /* GetImages.swift */,
			);
			path = Networking;
			sourceTree = "<group>";
		};
/* End PBXGroup section */

/* Begin PBXNativeTarget section */
		8783AC5F2BD2A6A700AB5F2E /* assignment19 */ = {
			isa = PBXNativeTarget;
			buildConfigurationList = 8783AC742BD2A6A900AB5F2E /* Build configuration list for PBXNativeTarget "assignment19" */;
			buildPhases = (
				8783AC5C2BD2A6A700AB5F2E /* Sources */,
				8783AC5D2BD2A6A700AB5F2E /* Frameworks */,
				8783AC5E2BD2A6A700AB5F2E /* Resources */,
			);
			buildRules = (
			);
			dependencies = (
			);
			name = assignment19;
			productName = assignment19;
			productReference = 8783AC602BD2A6A700AB5F2E /* assignment19.app */;
			productType = "com.apple.product-type.application";
		};
/* End PBXNativeTarget section */

/* Begin PBXProject section */
		8783AC582BD2A6A700AB5F2E /* Project object */ = {
			isa = PBXProject;
			attributes = {
				BuildIndependentTargetsInParallel = 1;
				LastSwiftUpdateCheck = 1530;
				LastUpgradeCheck = 1530;
				TargetAttributes = {
					8783AC5F2BD2A6A700AB5F2E = {
						CreatedOnToolsVersion = 15.3;
					};
				};
			};
			buildConfigurationList = 8783AC5B2BD2A6A700AB5F2E /* Build configuration list for PBXProject "assignment19" */;
			compatibilityVersion = "Xcode 14.0";
			developmentRegion = en;
			hasScannedForEncodings = 0;
			knownRegions = (
				en,
				Base,
			);
			mainGroup = 8783AC572BD2A6A700AB5F2E;
			productRefGroup = 8783AC612BD2A6A700AB5F2E /* Products */;
			projectDirPath = "";
			projectRoot = "";
			targets = (
				8783AC5F2BD2A6A700AB5F2E /* assignment19 */,
			);
		};
/* End PBXProject section */

/* Begin PBXResourcesBuildPhase section */
		8783AC5E2BD2A6A700AB5F2E /* Resources */ = {
			isa = PBXResourcesBuildPhase;
			buildActionMask = 2147483647;
			files = (
				8783AC6D2BD2A6A900AB5F2E /* Assets.xcassets in Resources */,
				8783AC702BD2A6A900AB5F2E /* Base in Resources */,
			);
			runOnlyForDeploymentPostprocessing = 0;
		};
/* End PBXResourcesBuildPhase section */

/* Begin PBXSourcesBuildPhase section */
		8783AC5C2BD2A6A700AB5F2E /* Sources */ = {
			isa = PBXSourcesBuildPhase;
			buildActionMask = 2147483647;
			files = (
				8783AC682BD2A6A800AB5F2E /* NewsPageViewController.swift in Sources */,
				8783AC8E2BD32F4900AB5F2E /* GetImages.swift in Sources */,
				8783AC812BD2ABFC00AB5F2E /* NewsPageViewController+TableView.swift in Sources */,
				8783AC872BD2CED400AB5F2E /* NewsCell.swift in Sources */,
				8783AC642BD2A6A800AB5F2E /* AppDelegate.swift in Sources */,
				8783AC8A2BD2D3C700AB5F2E /* GetObjects.swift in Sources */,
				8783AC662BD2A6A800AB5F2E /* SceneDelegate.swift in Sources */,
				8783AC852BD2C45700AB5F2E /* NewsData.swift in Sources */,
				8783AC8C2BD2F60900AB5F2E /* DetailsPageViewController.swift in Sources */,
			);
			runOnlyForDeploymentPostprocessing = 0;
		};
/* End PBXSourcesBuildPhase section */

/* Begin PBXVariantGroup section */
		8783AC6E2BD2A6A900AB5F2E /* LaunchScreen.storyboard */ = {
			isa = PBXVariantGroup;
			children = (
				8783AC6F2BD2A6A900AB5F2E /* Base */,
			);
			name = LaunchScreen.storyboard;
			sourceTree = "<group>";
		};
/* End PBXVariantGroup section */

/* Begin XCBuildConfiguration section */
		8783AC722BD2A6A900AB5F2E /* Debug */ = {
			isa = XCBuildConfiguration;
			buildSettings = {
				ALWAYS_SEARCH_USER_PATHS = NO;
				ASSETCATALOG_COMPILER_GENERATE_SWIFT_ASSET_SYMBOL_EXTENSIONS = YES;
				CLANG_ANALYZER_NONNULL = YES;
				CLANG_ANALYZER_NUMBER_OBJECT_CONVERSION = YES_AGGRESSIVE;
				CLANG_CXX_LANGUAGE_STANDARD = "gnu++20";
				CLANG_ENABLE_MODULES = YES;
				CLANG_ENABLE_OBJC_ARC = YES;
				CLANG_ENABLE_OBJC_WEAK = YES;
				CLANG_WARN_BLOCK_CAPTURE_AUTORELEASING = YES;
				CLANG_WARN_BOOL_CONVERSION = YES;
				CLANG_WARN_COMMA = YES;
				CLANG_WARN_CONSTANT_CONVERSION = YES;
				CLANG_WARN_DEPRECATED_OBJC_IMPLEMENTATIONS = YES;
				CLANG_WARN_DIRECT_OBJC_ISA_USAGE = YES_ERROR;
				CLANG_WARN_DOCUMENTATION_COMMENTS = YES;
				CLANG_WARN_EMPTY_BODY = YES;
				CLANG_WARN_ENUM_CONVERSION = YES;
				CLANG_WARN_INFINITE_RECURSION = YES;
				CLANG_WARN_INT_CONVERSION = YES;
				CLANG_WARN_NON_LITERAL_NULL_CONVERSION = YES;
				CLANG_WARN_OBJC_IMPLICIT_RETAIN_SELF = YES;
				CLANG_WARN_OBJC_LITERAL_CONVERSION = YES;
				CLANG_WARN_OBJC_ROOT_CLASS = YES_ERROR;
				CLANG_WARN_QUOTED_INCLUDE_IN_FRAMEWORK_HEADER = YES;
				CLANG_WARN_RANGE_LOOP_ANALYSIS = YES;
				CLANG_WARN_STRICT_PROTOTYPES = YES;
				CLANG_WARN_SUSPICIOUS_MOVE = YES;
				CLANG_WARN_UNGUARDED_AVAILABILITY = YES_AGGRESSIVE;
				CLANG_WARN_UNREACHABLE_CODE = YES;
				CLANG_WARN__DUPLICATE_METHOD_MATCH = YES;
				COPY_PHASE_STRIP = NO;
				DEBUG_INFORMATION_FORMAT = dwarf;
				ENABLE_STRICT_OBJC_MSGSEND = YES;
				ENABLE_TESTABILITY = YES;
				ENABLE_USER_SCRIPT_SANDBOXING = YES;
				GCC_C_LANGUAGE_STANDARD = gnu17;
				GCC_DYNAMIC_NO_PIC = NO;
				GCC_NO_COMMON_BLOCKS = YES;
				GCC_OPTIMIZATION_LEVEL = 0;
				GCC_PREPROCESSOR_DEFINITIONS = (
					"DEBUG=1",
					"$(inherited)",
				);
				GCC_WARN_64_TO_32_BIT_CONVERSION = YES;
				GCC_WARN_ABOUT_RETURN_TYPE = YES_ERROR;
				GCC_WARN_UNDECLARED_SELECTOR = YES;
				GCC_WARN_UNINITIALIZED_AUTOS = YES_AGGRESSIVE;
				GCC_WARN_UNUSED_FUNCTION = YES;
				GCC_WARN_UNUSED_VARIABLE = YES;
				IPHONEOS_DEPLOYMENT_TARGET = 17.4;
				LOCALIZATION_PREFERS_STRING_CATALOGS = YES;
				MTL_ENABLE_DEBUG_INFO = INCLUDE_SOURCE;
				MTL_FAST_MATH = YES;
				ONLY_ACTIVE_ARCH = YES;
				SDKROOT = iphoneos;
				SWIFT_ACTIVE_COMPILATION_CONDITIONS = "DEBUG $(inherited)";
				SWIFT_OPTIMIZATION_LEVEL = "-Onone";
			};
			name = Debug;
		};
		8783AC732BD2A6A900AB5F2E /* Release */ = {
			isa = XCBuildConfiguration;
			buildSettings = {
				ALWAYS_SEARCH_USER_PATHS = NO;
				ASSETCATALOG_COMPILER_GENERATE_SWIFT_ASSET_SYMBOL_EXTENSIONS = YES;
				CLANG_ANALYZER_NONNULL = YES;
				CLANG_ANALYZER_NUMBER_OBJECT_CONVERSION = YES_AGGRESSIVE;
				CLANG_CXX_LANGUAGE_STANDARD = "gnu++20";
				CLANG_ENABLE_MODULES = YES;
				CLANG_ENABLE_OBJC_ARC = YES;
				CLANG_ENABLE_OBJC_WEAK = YES;
				CLANG_WARN_BLOCK_CAPTURE_AUTORELEASING = YES;
				CLANG_WARN_BOOL_CONVERSION = YES;
				CLANG_WARN_COMMA = YES;
				CLANG_WARN_CONSTANT_CONVERSION = YES;
				CLANG_WARN_DEPRECATED_OBJC_IMPLEMENTATIONS = YES;
				CLANG_WARN_DIRECT_OBJC_ISA_USAGE = YES_ERROR;
				CLANG_WARN_DOCUMENTATION_COMMENTS = YES;
				CLANG_WARN_EMPTY_BODY = YES;
				CLANG_WARN_ENUM_CONVERSION = YES;
				CLANG_WARN_INFINITE_RECURSION = YES;
				CLANG_WARN_INT_CONVERSION = YES;
				CLANG_WARN_NON_LITERAL_NULL_CONVERSION = YES;
				CLANG_WARN_OBJC_IMPLICIT_RETAIN_SELF = YES;
				CLANG_WARN_OBJC_LITERAL_CONVERSION = YES;
				CLANG_WARN_OBJC_ROOT_CLASS = YES_ERROR;
				CLANG_WARN_QUOTED_INCLUDE_IN_FRAMEWORK_HEADER = YES;
				CLANG_WARN_RANGE_LOOP_ANALYSIS = YES;
				CLANG_WARN_STRICT_PROTOTYPES = YES;
				CLANG_WARN_SUSPICIOUS_MOVE = YES;
				CLANG_WARN_UNGUARDED_AVAILABILITY = YES_AGGRESSIVE;
				CLANG_WARN_UNREACHABLE_CODE = YES;
				CLANG_WARN__DUPLICATE_METHOD_MATCH = YES;
				COPY_PHASE_STRIP = NO;
				DEBUG_INFORMATION_FORMAT = "dwarf-with-dsym";
				ENABLE_NS_ASSERTIONS = NO;
				ENABLE_STRICT_OBJC_MSGSEND = YES;
				ENABLE_USER_SCRIPT_SANDBOXING = YES;
				GCC_C_LANGUAGE_STANDARD = gnu17;
				GCC_NO_COMMON_BLOCKS = YES;
				GCC_WARN_64_TO_32_BIT_CONVERSION = YES;
				GCC_WARN_ABOUT_RETURN_TYPE = YES_ERROR;
				GCC_WARN_UNDECLARED_SELECTOR = YES;
				GCC_WARN_UNINITIALIZED_AUTOS = YES_AGGRESSIVE;
				GCC_WARN_UNUSED_FUNCTION = YES;
				GCC_WARN_UNUSED_VARIABLE = YES;
				IPHONEOS_DEPLOYMENT_TARGET = 17.4;
				LOCALIZATION_PREFERS_STRING_CATALOGS = YES;
				MTL_ENABLE_DEBUG_INFO = NO;
				MTL_FAST_MATH = YES;
				SDKROOT = iphoneos;
				SWIFT_COMPILATION_MODE = wholemodule;
				VALIDATE_PRODUCT = YES;
			};
			name = Release;
		};
		8783AC752BD2A6A900AB5F2E /* Debug */ = {
			isa = XCBuildConfiguration;
			buildSettings = {
				ASSETCATALOG_COMPILER_APPICON_NAME = AppIcon;
				ASSETCATALOG_COMPILER_GLOBAL_ACCENT_COLOR_NAME = AccentColor;
				CODE_SIGN_STYLE = Automatic;
				CURRENT_PROJECT_VERSION = 1;
				DEVELOPMENT_TEAM = 3AD552Z95A;
				GENERATE_INFOPLIST_FILE = YES;
				INFOPLIST_FILE = assignment19/Resources/Info.plist;
				INFOPLIST_KEY_UIApplicationSupportsIndirectInputEvents = YES;
				INFOPLIST_KEY_UILaunchStoryboardName = LaunchScreen;
				INFOPLIST_KEY_UISupportedInterfaceOrientations_iPad = "UIInterfaceOrientationPortrait UIInterfaceOrientationPortraitUpsideDown UIInterfaceOrientationLandscapeLeft UIInterfaceOrientationLandscapeRight";
				INFOPLIST_KEY_UISupportedInterfaceOrientations_iPhone = "UIInterfaceOrientationPortrait UIInterfaceOrientationLandscapeLeft UIInterfaceOrientationLandscapeRight";
				LD_RUNPATH_SEARCH_PATHS = (
					"$(inherited)",
					"@executable_path/Frameworks",
				);
				MARKETING_VERSION = 1.0;
				PRODUCT_BUNDLE_IDENTIFIER = ge.academy.assignment19;
				PRODUCT_NAME = "$(TARGET_NAME)";
				SWIFT_EMIT_LOC_STRINGS = YES;
				SWIFT_VERSION = 5.0;
				TARGETED_DEVICE_FAMILY = "1,2";
			};
			name = Debug;
		};
		8783AC762BD2A6A900AB5F2E /* Release */ = {
			isa = XCBuildConfiguration;
			buildSettings = {
				ASSETCATALOG_COMPILER_APPICON_NAME = AppIcon;
				ASSETCATALOG_COMPILER_GLOBAL_ACCENT_COLOR_NAME = AccentColor;
				CODE_SIGN_STYLE = Automatic;
				CURRENT_PROJECT_VERSION = 1;
				DEVELOPMENT_TEAM = 3AD552Z95A;
				GENERATE_INFOPLIST_FILE = YES;
				INFOPLIST_FILE = assignment19/Resources/Info.plist;
				INFOPLIST_KEY_UIApplicationSupportsIndirectInputEvents = YES;
				INFOPLIST_KEY_UILaunchStoryboardName = LaunchScreen;
				INFOPLIST_KEY_UISupportedInterfaceOrientations_iPad = "UIInterfaceOrientationPortrait UIInterfaceOrientationPortraitUpsideDown UIInterfaceOrientationLandscapeLeft UIInterfaceOrientationLandscapeRight";
				INFOPLIST_KEY_UISupportedInterfaceOrientations_iPhone = "UIInterfaceOrientationPortrait UIInterfaceOrientationLandscapeLeft UIInterfaceOrientationLandscapeRight";
				LD_RUNPATH_SEARCH_PATHS = (
					"$(inherited)",
					"@executable_path/Frameworks",
				);
				MARKETING_VERSION = 1.0;
				PRODUCT_BUNDLE_IDENTIFIER = ge.academy.assignment19;
				PRODUCT_NAME = "$(TARGET_NAME)";
				SWIFT_EMIT_LOC_STRINGS = YES;
				SWIFT_VERSION = 5.0;
				TARGETED_DEVICE_FAMILY = "1,2";
			};
			name = Release;
		};
/* End XCBuildConfiguration section */

/* Begin XCConfigurationList section */
		8783AC5B2BD2A6A700AB5F2E /* Build configuration list for PBXProject "assignment19" */ = {
			isa = XCConfigurationList;
			buildConfigurations = (
				8783AC722BD2A6A900AB5F2E /* Debug */,
				8783AC732BD2A6A900AB5F2E /* Release */,
			);
			defaultConfigurationIsVisible = 0;
			defaultConfigurationName = Release;
		};
		8783AC742BD2A6A900AB5F2E /* Build configuration list for PBXNativeTarget "assignment19" */ = {
			isa = XCConfigurationList;
			buildConfigurations = (
				8783AC752BD2A6A900AB5F2E /* Debug */,
				8783AC762BD2A6A900AB5F2E /* Release */,
			);
			defaultConfigurationIsVisible = 0;
			defaultConfigurationName = Release;
		};
/* End XCConfigurationList section */
	};
	rootObject = 8783AC582BD2A6A700AB5F2E /* Project object */;
}
