// !$*UTF8*$!
{
	archiveVersion = 1;
	classes = {
	};
	objectVersion = 56;
	objects = {

/* Begin PBXBuildFile section */
		8730E1352BEEC9750027E355 /* AppDelegate.swift in Sources */ = {isa = PBXBuildFile; fileRef = 8730E1342BEEC9750027E355 /* AppDelegate.swift */; };
		8730E1372BEEC9750027E355 /* SceneDelegate.swift in Sources */ = {isa = PBXBuildFile; fileRef = 8730E1362BEEC9750027E355 /* SceneDelegate.swift */; };
		8730E1392BEEC9750027E355 /* MainViewController.swift in Sources */ = {isa = PBXBuildFile; fileRef = 8730E1382BEEC9750027E355 /* MainViewController.swift */; };
		8730E13E2BEEC9750027E355 /* Assets.xcassets in Resources */ = {isa = PBXBuildFile; fileRef = 8730E13D2BEEC9750027E355 /* Assets.xcassets */; };
		8730E1412BEEC9750027E355 /* Base in Resources */ = {isa = PBXBuildFile; fileRef = 8730E1402BEEC9750027E355 /* Base */; };
		8730E14E2BEEE1F00027E355 /* MainView.swift in Sources */ = {isa = PBXBuildFile; fileRef = 8730E14D2BEEE1F00027E355 /* MainView.swift */; };
		8730E1532BEEE2E50027E355 /* MainViewModel.swift in Sources */ = {isa = PBXBuildFile; fileRef = 8730E1522BEEE2E50027E355 /* MainViewModel.swift */; };
		8730E1552BEEE3140027E355 /* Song.swift in Sources */ = {isa = PBXBuildFile; fileRef = 8730E1542BEEE3140027E355 /* Song.swift */; };
		8730E1592BEF67E20027E355 /* UIView Extension.swift in Sources */ = {isa = PBXBuildFile; fileRef = 8730E1582BEF67E20027E355 /* UIView Extension.swift */; };
		8730E15B2BEFCC2A0027E355 /* CircularProgressView.swift in Sources */ = {isa = PBXBuildFile; fileRef = 8730E15A2BEFCC2A0027E355 /* CircularProgressView.swift */; };
/* End PBXBuildFile section */

/* Begin PBXFileReference section */
		8730E1312BEEC9750027E355 /* assignment25.app */ = {isa = PBXFileReference; explicitFileType = wrapper.application; includeInIndex = 0; path = assignment25.app; sourceTree = BUILT_PRODUCTS_DIR; };
		8730E1342BEEC9750027E355 /* AppDelegate.swift */ = {isa = PBXFileReference; lastKnownFileType = sourcecode.swift; path = AppDelegate.swift; sourceTree = "<group>"; };
		8730E1362BEEC9750027E355 /* SceneDelegate.swift */ = {isa = PBXFileReference; lastKnownFileType = sourcecode.swift; path = SceneDelegate.swift; sourceTree = "<group>"; };
		8730E1382BEEC9750027E355 /* MainViewController.swift */ = {isa = PBXFileReference; lastKnownFileType = sourcecode.swift; path = MainViewController.swift; sourceTree = "<group>"; };
		8730E13D2BEEC9750027E355 /* Assets.xcassets */ = {isa = PBXFileReference; lastKnownFileType = folder.assetcatalog; path = Assets.xcassets; sourceTree = "<group>"; };
		8730E1402BEEC9750027E355 /* Base */ = {isa = PBXFileReference; lastKnownFileType = file.storyboard; name = Base; path = Base.lproj/LaunchScreen.storyboard; sourceTree = "<group>"; };
		8730E1422BEEC9750027E355 /* Info.plist */ = {isa = PBXFileReference; lastKnownFileType = text.plist.xml; path = Info.plist; sourceTree = "<group>"; };
		8730E14D2BEEE1F00027E355 /* MainView.swift */ = {isa = PBXFileReference; lastKnownFileType = sourcecode.swift; path = MainView.swift; sourceTree = "<group>"; };
		8730E1522BEEE2E50027E355 /* MainViewModel.swift */ = {isa = PBXFileReference; lastKnownFileType = sourcecode.swift; path = MainViewModel.swift; sourceTree = "<group>"; };
		8730E1542BEEE3140027E355 /* Song.swift */ = {isa = PBXFileReference; lastKnownFileType = sourcecode.swift; path = Song.swift; sourceTree = "<group>"; };
		8730E1582BEF67E20027E355 /* UIView Extension.swift */ = {isa = PBXFileReference; lastKnownFileType = sourcecode.swift; path = "UIView Extension.swift"; sourceTree = "<group>"; };
		8730E15A2BEFCC2A0027E355 /* CircularProgressView.swift */ = {isa = PBXFileReference; lastKnownFileType = sourcecode.swift; path = CircularProgressView.swift; sourceTree = "<group>"; };
/* End PBXFileReference section */

/* Begin PBXFrameworksBuildPhase section */
		8730E12E2BEEC9750027E355 /* Frameworks */ = {
			isa = PBXFrameworksBuildPhase;
			buildActionMask = 2147483647;
			files = (
			);
			runOnlyForDeploymentPostprocessing = 0;
		};
/* End PBXFrameworksBuildPhase section */

/* Begin PBXGroup section */
		8730E1282BEEC9750027E355 = {
			isa = PBXGroup;
			children = (
				8730E1332BEEC9750027E355 /* assignment25 */,
				8730E1322BEEC9750027E355 /* Products */,
			);
			sourceTree = "<group>";
		};
		8730E1322BEEC9750027E355 /* Products */ = {
			isa = PBXGroup;
			children = (
				8730E1312BEEC9750027E355 /* assignment25.app */,
			);
			name = Products;
			sourceTree = "<group>";
		};
		8730E1332BEEC9750027E355 /* assignment25 */ = {
			isa = PBXGroup;
			children = (
				8730E1482BEED9660027E355 /* App */,
				8730E1492BEED9720027E355 /* Scenes */,
				8730E1502BEEE2760027E355 /* Model */,
				8730E1512BEEE2C90027E355 /* ViewModel */,
				8730E14C2BEED9A50027E355 /* Resources */,
				8730E14A2BEED98A0027E355 /* Supporting Files */,
				8730E1572BEF67AF0027E355 /* Extensions */,
			);
			path = assignment25;
			sourceTree = "<group>";
		};
		8730E1482BEED9660027E355 /* App */ = {
			isa = PBXGroup;
			children = (
				8730E1342BEEC9750027E355 /* AppDelegate.swift */,
				8730E1362BEEC9750027E355 /* SceneDelegate.swift */,
			);
			path = App;
			sourceTree = "<group>";
		};
		8730E1492BEED9720027E355 /* Scenes */ = {
			isa = PBXGroup;
			children = (
				8730E1562BEEF4FD0027E355 /* Main Page */,
			);
			path = Scenes;
			sourceTree = "<group>";
		};
		8730E14A2BEED98A0027E355 /* Supporting Files */ = {
			isa = PBXGroup;
			children = (
				8730E14B2BEED99B0027E355 /* Launch */,
				8730E1422BEEC9750027E355 /* Info.plist */,
				8730E15A2BEFCC2A0027E355 /* CircularProgressView.swift */,
			);
			path = "Supporting Files";
			sourceTree = "<group>";
		};
		8730E14B2BEED99B0027E355 /* Launch */ = {
			isa = PBXGroup;
			children = (
				8730E13F2BEEC9750027E355 /* LaunchScreen.storyboard */,
			);
			path = Launch;
			sourceTree = "<group>";
		};
		8730E14C2BEED9A50027E355 /* Resources */ = {
			isa = PBXGroup;
			children = (
				8730E13D2BEEC9750027E355 /* Assets.xcassets */,
			);
			path = Resources;
			sourceTree = "<group>";
		};
		8730E1502BEEE2760027E355 /* Model */ = {
			isa = PBXGroup;
			children = (
				8730E1542BEEE3140027E355 /* Song.swift */,
			);
			path = Model;
			sourceTree = "<group>";
		};
		8730E1512BEEE2C90027E355 /* ViewModel */ = {
			isa = PBXGroup;
			children = (
				8730E1522BEEE2E50027E355 /* MainViewModel.swift */,
			);
			path = ViewModel;
			sourceTree = "<group>";
		};
		8730E1562BEEF4FD0027E355 /* Main Page */ = {
			isa = PBXGroup;
			children = (
				8730E1382BEEC9750027E355 /* MainViewController.swift */,
				8730E14D2BEEE1F00027E355 /* MainView.swift */,
			);
			path = "Main Page";
			sourceTree = "<group>";
		};
		8730E1572BEF67AF0027E355 /* Extensions */ = {
			isa = PBXGroup;
			children = (
				8730E1582BEF67E20027E355 /* UIView Extension.swift */,
			);
			path = Extensions;
			sourceTree = "<group>";
		};
/* End PBXGroup section */

/* Begin PBXNativeTarget section */
		8730E1302BEEC9750027E355 /* assignment25 */ = {
			isa = PBXNativeTarget;
			buildConfigurationList = 8730E1452BEEC9750027E355 /* Build configuration list for PBXNativeTarget "assignment25" */;
			buildPhases = (
				8730E12D2BEEC9750027E355 /* Sources */,
				8730E12E2BEEC9750027E355 /* Frameworks */,
				8730E12F2BEEC9750027E355 /* Resources */,
			);
			buildRules = (
			);
			dependencies = (
			);
			name = assignment25;
			productName = assignment25;
			productReference = 8730E1312BEEC9750027E355 /* assignment25.app */;
			productType = "com.apple.product-type.application";
		};
/* End PBXNativeTarget section */

/* Begin PBXProject section */
		8730E1292BEEC9750027E355 /* Project object */ = {
			isa = PBXProject;
			attributes = {
				BuildIndependentTargetsInParallel = 1;
				LastSwiftUpdateCheck = 1530;
				LastUpgradeCheck = 1530;
				TargetAttributes = {
					8730E1302BEEC9750027E355 = {
						CreatedOnToolsVersion = 15.3;
					};
				};
			};
			buildConfigurationList = 8730E12C2BEEC9750027E355 /* Build configuration list for PBXProject "assignment25" */;
			compatibilityVersion = "Xcode 14.0";
			developmentRegion = en;
			hasScannedForEncodings = 0;
			knownRegions = (
				en,
				Base,
			);
			mainGroup = 8730E1282BEEC9750027E355;
			productRefGroup = 8730E1322BEEC9750027E355 /* Products */;
			projectDirPath = "";
			projectRoot = "";
			targets = (
				8730E1302BEEC9750027E355 /* assignment25 */,
			);
		};
/* End PBXProject section */

/* Begin PBXResourcesBuildPhase section */
		8730E12F2BEEC9750027E355 /* Resources */ = {
			isa = PBXResourcesBuildPhase;
			buildActionMask = 2147483647;
			files = (
				8730E13E2BEEC9750027E355 /* Assets.xcassets in Resources */,
				8730E1412BEEC9750027E355 /* Base in Resources */,
			);
			runOnlyForDeploymentPostprocessing = 0;
		};
/* End PBXResourcesBuildPhase section */

/* Begin PBXSourcesBuildPhase section */
		8730E12D2BEEC9750027E355 /* Sources */ = {
			isa = PBXSourcesBuildPhase;
			buildActionMask = 2147483647;
			files = (
				8730E1552BEEE3140027E355 /* Song.swift in Sources */,
				8730E1532BEEE2E50027E355 /* MainViewModel.swift in Sources */,
				8730E15B2BEFCC2A0027E355 /* CircularProgressView.swift in Sources */,
				8730E1392BEEC9750027E355 /* MainViewController.swift in Sources */,
				8730E14E2BEEE1F00027E355 /* MainView.swift in Sources */,
				8730E1352BEEC9750027E355 /* AppDelegate.swift in Sources */,
				8730E1592BEF67E20027E355 /* UIView Extension.swift in Sources */,
				8730E1372BEEC9750027E355 /* SceneDelegate.swift in Sources */,
			);
			runOnlyForDeploymentPostprocessing = 0;
		};
/* End PBXSourcesBuildPhase section */

/* Begin PBXVariantGroup section */
		8730E13F2BEEC9750027E355 /* LaunchScreen.storyboard */ = {
			isa = PBXVariantGroup;
			children = (
				8730E1402BEEC9750027E355 /* Base */,
			);
			name = LaunchScreen.storyboard;
			sourceTree = "<group>";
		};
/* End PBXVariantGroup section */

/* Begin XCBuildConfiguration section */
		8730E1432BEEC9750027E355 /* Debug */ = {
			isa = XCBuildConfiguration;
			buildSettings = {
				ALWAYS_SEARCH_USER_PATHS = NO;
				ASSETCATALOG_COMPILER_GENERATE_SWIFT_ASSET_SYMBOL_EXTENSIONS = YES;
				CLANG_ANALYZER_NONNULL = YES;
				CLANG_ANALYZER_NUMBER_OBJECT_CONVERSION = YES_AGGRESSIVE;
				CLANG_CXX_LANGUAGE_STANDARD = "gnu++20";
				CLANG_ENABLE_MODULES = YES;
				CLANG_ENABLE_OBJC_ARC = YES;
				CLANG_ENABLE_OBJC_WEAK = YES;
				CLANG_WARN_BLOCK_CAPTURE_AUTORELEASING = YES;
				CLANG_WARN_BOOL_CONVERSION = YES;
				CLANG_WARN_COMMA = YES;
				CLANG_WARN_CONSTANT_CONVERSION = YES;
				CLANG_WARN_DEPRECATED_OBJC_IMPLEMENTATIONS = YES;
				CLANG_WARN_DIRECT_OBJC_ISA_USAGE = YES_ERROR;
				CLANG_WARN_DOCUMENTATION_COMMENTS = YES;
				CLANG_WARN_EMPTY_BODY = YES;
				CLANG_WARN_ENUM_CONVERSION = YES;
				CLANG_WARN_INFINITE_RECURSION = YES;
				CLANG_WARN_INT_CONVERSION = YES;
				CLANG_WARN_NON_LITERAL_NULL_CONVERSION = YES;
				CLANG_WARN_OBJC_IMPLICIT_RETAIN_SELF = YES;
				CLANG_WARN_OBJC_LITERAL_CONVERSION = YES;
				CLANG_WARN_OBJC_ROOT_CLASS = YES_ERROR;
				CLANG_WARN_QUOTED_INCLUDE_IN_FRAMEWORK_HEADER = YES;
				CLANG_WARN_RANGE_LOOP_ANALYSIS = YES;
				CLANG_WARN_STRICT_PROTOTYPES = YES;
				CLANG_WARN_SUSPICIOUS_MOVE = YES;
				CLANG_WARN_UNGUARDED_AVAILABILITY = YES_AGGRESSIVE;
				CLANG_WARN_UNREACHABLE_CODE = YES;
				CLANG_WARN__DUPLICATE_METHOD_MATCH = YES;
				COPY_PHASE_STRIP = NO;
				DEBUG_INFORMATION_FORMAT = dwarf;
				ENABLE_STRICT_OBJC_MSGSEND = YES;
				ENABLE_TESTABILITY = YES;
				ENABLE_USER_SCRIPT_SANDBOXING = YES;
				GCC_C_LANGUAGE_STANDARD = gnu17;
				GCC_DYNAMIC_NO_PIC = NO;
				GCC_NO_COMMON_BLOCKS = YES;
				GCC_OPTIMIZATION_LEVEL = 0;
				GCC_PREPROCESSOR_DEFINITIONS = (
					"DEBUG=1",
					"$(inherited)",
				);
				GCC_WARN_64_TO_32_BIT_CONVERSION = YES;
				GCC_WARN_ABOUT_RETURN_TYPE = YES_ERROR;
				GCC_WARN_UNDECLARED_SELECTOR = YES;
				GCC_WARN_UNINITIALIZED_AUTOS = YES_AGGRESSIVE;
				GCC_WARN_UNUSED_FUNCTION = YES;
				GCC_WARN_UNUSED_VARIABLE = YES;
				IPHONEOS_DEPLOYMENT_TARGET = 17.4;
				LOCALIZATION_PREFERS_STRING_CATALOGS = YES;
				MTL_ENABLE_DEBUG_INFO = INCLUDE_SOURCE;
				MTL_FAST_MATH = YES;
				ONLY_ACTIVE_ARCH = YES;
				SDKROOT = iphoneos;
				SWIFT_ACTIVE_COMPILATION_CONDITIONS = "DEBUG $(inherited)";
				SWIFT_OPTIMIZATION_LEVEL = "-Onone";
			};
			name = Debug;
		};
		8730E1442BEEC9750027E355 /* Release */ = {
			isa = XCBuildConfiguration;
			buildSettings = {
				ALWAYS_SEARCH_USER_PATHS = NO;
				ASSETCATALOG_COMPILER_GENERATE_SWIFT_ASSET_SYMBOL_EXTENSIONS = YES;
				CLANG_ANALYZER_NONNULL = YES;
				CLANG_ANALYZER_NUMBER_OBJECT_CONVERSION = YES_AGGRESSIVE;
				CLANG_CXX_LANGUAGE_STANDARD = "gnu++20";
				CLANG_ENABLE_MODULES = YES;
				CLANG_ENABLE_OBJC_ARC = YES;
				CLANG_ENABLE_OBJC_WEAK = YES;
				CLANG_WARN_BLOCK_CAPTURE_AUTORELEASING = YES;
				CLANG_WARN_BOOL_CONVERSION = YES;
				CLANG_WARN_COMMA = YES;
				CLANG_WARN_CONSTANT_CONVERSION = YES;
				CLANG_WARN_DEPRECATED_OBJC_IMPLEMENTATIONS = YES;
				CLANG_WARN_DIRECT_OBJC_ISA_USAGE = YES_ERROR;
				CLANG_WARN_DOCUMENTATION_COMMENTS = YES;
				CLANG_WARN_EMPTY_BODY = YES;
				CLANG_WARN_ENUM_CONVERSION = YES;
				CLANG_WARN_INFINITE_RECURSION = YES;
				CLANG_WARN_INT_CONVERSION = YES;
				CLANG_WARN_NON_LITERAL_NULL_CONVERSION = YES;
				CLANG_WARN_OBJC_IMPLICIT_RETAIN_SELF = YES;
				CLANG_WARN_OBJC_LITERAL_CONVERSION = YES;
				CLANG_WARN_OBJC_ROOT_CLASS = YES_ERROR;
				CLANG_WARN_QUOTED_INCLUDE_IN_FRAMEWORK_HEADER = YES;
				CLANG_WARN_RANGE_LOOP_ANALYSIS = YES;
				CLANG_WARN_STRICT_PROTOTYPES = YES;
				CLANG_WARN_SUSPICIOUS_MOVE = YES;
				CLANG_WARN_UNGUARDED_AVAILABILITY = YES_AGGRESSIVE;
				CLANG_WARN_UNREACHABLE_CODE = YES;
				CLANG_WARN__DUPLICATE_METHOD_MATCH = YES;
				COPY_PHASE_STRIP = NO;
				DEBUG_INFORMATION_FORMAT = "dwarf-with-dsym";
				ENABLE_NS_ASSERTIONS = NO;
				ENABLE_STRICT_OBJC_MSGSEND = YES;
				ENABLE_USER_SCRIPT_SANDBOXING = YES;
				GCC_C_LANGUAGE_STANDARD = gnu17;
				GCC_NO_COMMON_BLOCKS = YES;
				GCC_WARN_64_TO_32_BIT_CONVERSION = YES;
				GCC_WARN_ABOUT_RETURN_TYPE = YES_ERROR;
				GCC_WARN_UNDECLARED_SELECTOR = YES;
				GCC_WARN_UNINITIALIZED_AUTOS = YES_AGGRESSIVE;
				GCC_WARN_UNUSED_FUNCTION = YES;
				GCC_WARN_UNUSED_VARIABLE = YES;
				IPHONEOS_DEPLOYMENT_TARGET = 17.4;
				LOCALIZATION_PREFERS_STRING_CATALOGS = YES;
				MTL_ENABLE_DEBUG_INFO = NO;
				MTL_FAST_MATH = YES;
				SDKROOT = iphoneos;
				SWIFT_COMPILATION_MODE = wholemodule;
				VALIDATE_PRODUCT = YES;
			};
			name = Release;
		};
		8730E1462BEEC9750027E355 /* Debug */ = {
			isa = XCBuildConfiguration;
			buildSettings = {
				ASSETCATALOG_COMPILER_APPICON_NAME = AppIcon;
				ASSETCATALOG_COMPILER_GLOBAL_ACCENT_COLOR_NAME = AccentColor;
				CODE_SIGN_STYLE = Automatic;
				CURRENT_PROJECT_VERSION = 1;
				DEVELOPMENT_TEAM = 3AD552Z95A;
				GENERATE_INFOPLIST_FILE = YES;
				INFOPLIST_FILE = "assignment25/Supporting Files/Info.plist";
				INFOPLIST_KEY_UIApplicationSupportsIndirectInputEvents = YES;
				INFOPLIST_KEY_UILaunchStoryboardName = LaunchScreen;
				INFOPLIST_KEY_UISupportedInterfaceOrientations_iPad = "UIInterfaceOrientationPortrait UIInterfaceOrientationPortraitUpsideDown UIInterfaceOrientationLandscapeLeft UIInterfaceOrientationLandscapeRight";
				INFOPLIST_KEY_UISupportedInterfaceOrientations_iPhone = "UIInterfaceOrientationPortrait UIInterfaceOrientationLandscapeLeft UIInterfaceOrientationLandscapeRight";
				LD_RUNPATH_SEARCH_PATHS = (
					"$(inherited)",
					"@executable_path/Frameworks",
				);
				MARKETING_VERSION = 1.0;
				PRODUCT_BUNDLE_IDENTIFIER = ge.academy.assignment25;
				PRODUCT_NAME = "$(TARGET_NAME)";
				SWIFT_EMIT_LOC_STRINGS = YES;
				SWIFT_VERSION = 5.0;
				TARGETED_DEVICE_FAMILY = "1,2";
			};
			name = Debug;
		};
		8730E1472BEEC9750027E355 /* Release */ = {
			isa = XCBuildConfiguration;
			buildSettings = {
				ASSETCATALOG_COMPILER_APPICON_NAME = AppIcon;
				ASSETCATALOG_COMPILER_GLOBAL_ACCENT_COLOR_NAME = AccentColor;
				CODE_SIGN_STYLE = Automatic;
				CURRENT_PROJECT_VERSION = 1;
				DEVELOPMENT_TEAM = 3AD552Z95A;
				GENERATE_INFOPLIST_FILE = YES;
				INFOPLIST_FILE = "assignment25/Supporting Files/Info.plist";
				INFOPLIST_KEY_UIApplicationSupportsIndirectInputEvents = YES;
				INFOPLIST_KEY_UILaunchStoryboardName = LaunchScreen;
				INFOPLIST_KEY_UISupportedInterfaceOrientations_iPad = "UIInterfaceOrientationPortrait UIInterfaceOrientationPortraitUpsideDown UIInterfaceOrientationLandscapeLeft UIInterfaceOrientationLandscapeRight";
				INFOPLIST_KEY_UISupportedInterfaceOrientations_iPhone = "UIInterfaceOrientationPortrait UIInterfaceOrientationLandscapeLeft UIInterfaceOrientationLandscapeRight";
				LD_RUNPATH_SEARCH_PATHS = (
					"$(inherited)",
					"@executable_path/Frameworks",
				);
				MARKETING_VERSION = 1.0;
				PRODUCT_BUNDLE_IDENTIFIER = ge.academy.assignment25;
				PRODUCT_NAME = "$(TARGET_NAME)";
				SWIFT_EMIT_LOC_STRINGS = YES;
				SWIFT_VERSION = 5.0;
				TARGETED_DEVICE_FAMILY = "1,2";
			};
			name = Release;
		};
/* End XCBuildConfiguration section */

/* Begin XCConfigurationList section */
		8730E12C2BEEC9750027E355 /* Build configuration list for PBXProject "assignment25" */ = {
			isa = XCConfigurationList;
			buildConfigurations = (
				8730E1432BEEC9750027E355 /* Debug */,
				8730E1442BEEC9750027E355 /* Release */,
			);
			defaultConfigurationIsVisible = 0;
			defaultConfigurationName = Release;
		};
		8730E1452BEEC9750027E355 /* Build configuration list for PBXNativeTarget "assignment25" */ = {
			isa = XCConfigurationList;
			buildConfigurations = (
				8730E1462BEEC9750027E355 /* Debug */,
				8730E1472BEEC9750027E355 /* Release */,
			);
			defaultConfigurationIsVisible = 0;
			defaultConfigurationName = Release;
		};
/* End XCConfigurationList section */
	};
	rootObject = 8730E1292BEEC9750027E355 /* Project object */;
}
